
Microsoft Visual Studio Solution File, Format Version 12.00
Project("{FAE04EC0-301F-11D3-BF4B-00C04F79EFBC}") = "ImageSharpTest", "ImageSharpTest.csproj", "{2D61A75F-87AF-4723-BC30-A6C98D223D19}"
EndProject
Global
	GlobalSection(SolutionConfigurationPlatforms) = preSolution
		Debug|Any CPU = Debug|Any CPU
		Release|Any CPU = Release|Any CPU
	EndGlobalSection
	GlobalSection(ProjectConfigurationPlatforms) = postSolution
		{2D61A75F-87AF-4723-BC30-A6C98D223D19}.Debug|Any CPU.ActiveCfg = Debug|Any CPU
		{2D61A75F-87AF-4723-BC30-A6C98D223D19}.Debug|Any CPU.Build.0 = Debug|Any CPU
		{2D61A75F-87AF-4723-BC30-A6C98D223D19}.Release|Any CPU.ActiveCfg = Release|Any CPU
		{2D61A75F-87AF-4723-BC30-A6C98D223D19}.Release|Any CPU.Build.0 = Release|Any CPU
	EndGlobalSection
EndGlobal
